
Microsoft Visual Studio Solution File, Format Version 12.00
# Visual Studio Version 16
VisualStudioVersion = 16.0.30804.86
MinimumVisualStudioVersion = 10.0.40219.1
Project("{9A19103F-16F7-4668-BE54-9A1E7A4F7556}") = "BlogApp.Models", "BlogApp.Models\BlogApp.Models.csproj", "{49D2BFC5-7DF5-425B-85A1-7AB2093F922B}"
EndProject
Project("{9A19103F-16F7-4668-BE54-9A1E7A4F7556}") = "BlogApp.App01", "BlogApp.App01\BlogApp.App01.csproj", "{4242D9BC-2EE3-4726-91CD-2064F9534B88}"
EndProject
Project("{9A19103F-16F7-4668-BE54-9A1E7A4F7556}") = "BlogApp.App02", "BlogApp.App02\BlogApp.App02.csproj", "{CD9C1858-124F-4A39-B9AC-A83A846B8EB2}"
EndProject
Project("{FAE04EC0-301F-11D3-BF4B-00C04F79EFBC}") = "BlogApp.App03", "BlogApp.App03\BlogApp.App03.csproj", "{AA010AAA-2EB8-48FF-9278-068FAC57CF60}"
EndProject
Global
	GlobalSection(SolutionConfigurationPlatforms) = preSolution
		Debug|Any CPU = Debug|Any CPU
		Release|Any CPU = Release|Any CPU
	EndGlobalSection
	GlobalSection(ProjectConfigurationPlatforms) = postSolution
		{49D2BFC5-7DF5-425B-85A1-7AB2093F922B}.Debug|Any CPU.ActiveCfg = Debug|Any CPU
		{49D2BFC5-7DF5-425B-85A1-7AB2093F922B}.Debug|Any CPU.Build.0 = Debug|Any CPU
		{49D2BFC5-7DF5-425B-85A1-7AB2093F922B}.Release|Any CPU.ActiveCfg = Release|Any CPU
		{49D2BFC5-7DF5-425B-85A1-7AB2093F922B}.Release|Any CPU.Build.0 = Release|Any CPU
		{4242D9BC-2EE3-4726-91CD-2064F9534B88}.Debug|Any CPU.ActiveCfg = Debug|Any CPU
		{4242D9BC-2EE3-4726-91CD-2064F9534B88}.Debug|Any CPU.Build.0 = Debug|Any CPU
		{4242D9BC-2EE3-4726-91CD-2064F9534B88}.Release|Any CPU.ActiveCfg = Release|Any CPU
		{4242D9BC-2EE3-4726-91CD-2064F9534B88}.Release|Any CPU.Build.0 = Release|Any CPU
		{CD9C1858-124F-4A39-B9AC-A83A846B8EB2}.Debug|Any CPU.ActiveCfg = Debug|Any CPU
		{CD9C1858-124F-4A39-B9AC-A83A846B8EB2}.Debug|Any CPU.Build.0 = Debug|Any CPU
		{CD9C1858-124F-4A39-B9AC-A83A846B8EB2}.Release|Any CPU.ActiveCfg = Release|Any CPU
		{CD9C1858-124F-4A39-B9AC-A83A846B8EB2}.Release|Any CPU.Build.0 = Release|Any CPU
		{AA010AAA-2EB8-48FF-9278-068FAC57CF60}.Debug|Any CPU.ActiveCfg = Debug|Any CPU
		{AA010AAA-2EB8-48FF-9278-068FAC57CF60}.Debug|Any CPU.Build.0 = Debug|Any CPU
		{AA010AAA-2EB8-48FF-9278-068FAC57CF60}.Release|Any CPU.ActiveCfg = Release|Any CPU
		{AA010AAA-2EB8-48FF-9278-068FAC57CF60}.Release|Any CPU.Build.0 = Release|Any CPU
	EndGlobalSection
	GlobalSection(SolutionProperties) = preSolution
		HideSolutionNode = FALSE
	EndGlobalSection
	GlobalSection(ExtensibilityGlobals) = postSolution
		SolutionGuid = {A44494AA-1A67-4157-8469-F0D4126E743E}
	EndGlobalSection
EndGlobal
